
Microsoft Visual Studio Solution File, Format Version 12.00
# Visual Studio Version 17
VisualStudioVersion = 17.0.31903.59
MinimumVisualStudioVersion = 10.0.40219.1
Project("{2150E333-8FDC-42A3-9474-1A3956D46DE8}") = "env-dotnet", "env-dotnet", "{C95C9312-F5F8-1334-8724-8AB05A7514E8}"
EndProject
Project("{FAE04EC0-301F-11D3-BF4B-00C04F79EFBC}") = "Snake.EnvServer", "env-dotnet\Snake.EnvServer.csproj", "{B06AA1F0-C2BF-46A3-9464-D581505DA594}"
EndProject
Project("{FAE04EC0-301F-11D3-BF4B-00C04F79EFBC}") = "Snake.Core", "Snake.Core\Snake.Core.csproj", "{10DD82DE-C0D1-42E6-B7BB-A44BEF4D9871}"
EndProject
Global
	GlobalSection(SolutionConfigurationPlatforms) = preSolution
		Debug|Any CPU = Debug|Any CPU
		Debug|x64 = Debug|x64
		Debug|x86 = Debug|x86
		Release|Any CPU = Release|Any CPU
		Release|x64 = Release|x64
		Release|x86 = Release|x86
	EndGlobalSection
	GlobalSection(ProjectConfigurationPlatforms) = postSolution
		{B06AA1F0-C2BF-46A3-9464-D581505DA594}.Debug|Any CPU.ActiveCfg = Debug|Any CPU
		{B06AA1F0-C2BF-46A3-9464-D581505DA594}.Debug|Any CPU.Build.0 = Debug|Any CPU
		{B06AA1F0-C2BF-46A3-9464-D581505DA594}.Debug|x64.ActiveCfg = Debug|Any CPU
		{B06AA1F0-C2BF-46A3-9464-D581505DA594}.Debug|x64.Build.0 = Debug|Any CPU
		{B06AA1F0-C2BF-46A3-9464-D581505DA594}.Debug|x86.ActiveCfg = Debug|Any CPU
		{B06AA1F0-C2BF-46A3-9464-D581505DA594}.Debug|x86.Build.0 = Debug|Any CPU
		{B06AA1F0-C2BF-46A3-9464-D581505DA594}.Release|Any CPU.ActiveCfg = Release|Any CPU
		{B06AA1F0-C2BF-46A3-9464-D581505DA594}.Release|Any CPU.Build.0 = Release|Any CPU
		{B06AA1F0-C2BF-46A3-9464-D581505DA594}.Release|x64.ActiveCfg = Release|Any CPU
		{B06AA1F0-C2BF-46A3-9464-D581505DA594}.Release|x64.Build.0 = Release|Any CPU
		{B06AA1F0-C2BF-46A3-9464-D581505DA594}.Release|x86.ActiveCfg = Release|Any CPU
		{B06AA1F0-C2BF-46A3-9464-D581505DA594}.Release|x86.Build.0 = Release|Any CPU
		{10DD82DE-C0D1-42E6-B7BB-A44BEF4D9871}.Debug|Any CPU.ActiveCfg = Debug|Any CPU
		{10DD82DE-C0D1-42E6-B7BB-A44BEF4D9871}.Debug|Any CPU.Build.0 = Debug|Any CPU
		{10DD82DE-C0D1-42E6-B7BB-A44BEF4D9871}.Debug|x64.ActiveCfg = Debug|Any CPU
		{10DD82DE-C0D1-42E6-B7BB-A44BEF4D9871}.Debug|x64.Build.0 = Debug|Any CPU
		{10DD82DE-C0D1-42E6-B7BB-A44BEF4D9871}.Debug|x86.ActiveCfg = Debug|Any CPU
		{10DD82DE-C0D1-42E6-B7BB-A44BEF4D9871}.Debug|x86.Build.0 = Debug|Any CPU
		{10DD82DE-C0D1-42E6-B7BB-A44BEF4D9871}.Release|Any CPU.ActiveCfg = Release|Any CPU
		{10DD82DE-C0D1-42E6-B7BB-A44BEF4D9871}.Release|Any CPU.Build.0 = Release|Any CPU
		{10DD82DE-C0D1-42E6-B7BB-A44BEF4D9871}.Release|x64.ActiveCfg = Release|Any CPU
		{10DD82DE-C0D1-42E6-B7BB-A44BEF4D9871}.Release|x64.Build.0 = Release|Any CPU
		{10DD82DE-C0D1-42E6-B7BB-A44BEF4D9871}.Release|x86.ActiveCfg = Release|Any CPU
		{10DD82DE-C0D1-42E6-B7BB-A44BEF4D9871}.Release|x86.Build.0 = Release|Any CPU
	EndGlobalSection
	GlobalSection(SolutionProperties) = preSolution
		HideSolutionNode = FALSE
	EndGlobalSection
	GlobalSection(NestedProjects) = preSolution
		{B06AA1F0-C2BF-46A3-9464-D581505DA594} = {C95C9312-F5F8-1334-8724-8AB05A7514E8}
		{10DD82DE-C0D1-42E6-B7BB-A44BEF4D9871} = {C95C9312-F5F8-1334-8724-8AB05A7514E8}
	EndGlobalSection
EndGlobal
