Microsoft Visual Studio Solution File, Format Version 12.00
# Visual Studio Version 17
VisualStudioVersion = 17.5.2.0
MinimumVisualStudioVersion = 10.0.40219.1
Project("{FAE04EC0-301F-11D3-BF4B-00C04F79EFBC}") = "Snake.EnvServer", "env-dotnet\Snake.EnvServer.csproj", "{3BD8E8CD-5FA2-EDC7-922A-7A42B801015A}"
EndProject
Global
	GlobalSection(SolutionConfigurationPlatforms) = preSolution
		Debug|Any CPU = Debug|Any CPU
		Release|Any CPU = Release|Any CPU
	EndGlobalSection
	GlobalSection(ProjectConfigurationPlatforms) = postSolution
		{3BD8E8CD-5FA2-EDC7-922A-7A42B801015A}.Debug|Any CPU.ActiveCfg = Debug|Any CPU
		{3BD8E8CD-5FA2-EDC7-922A-7A42B801015A}.Debug|Any CPU.Build.0 = Debug|Any CPU
		{3BD8E8CD-5FA2-EDC7-922A-7A42B801015A}.Release|Any CPU.ActiveCfg = Release|Any CPU
		{3BD8E8CD-5FA2-EDC7-922A-7A42B801015A}.Release|Any CPU.Build.0 = Release|Any CPU
	EndGlobalSection
	GlobalSection(SolutionProperties) = preSolution
		HideSolutionNode = FALSE
	EndGlobalSection
	GlobalSection(ExtensibilityGlobals) = postSolution
		SolutionGuid = {2126C37C-EB8A-45DD-BB1F-6762734D80C0}
	EndGlobalSection
EndGlobal
